
Microsoft Visual Studio Solution File, Format Version 12.00
# Visual Studio Version 17
VisualStudioVersion = 17.11.35222.181
MinimumVisualStudioVersion = 10.0.40219.1
Project("{FAE04EC0-301F-11D3-BF4B-00C04F79EFBC}") = "CF-OnBase-Adaptor", "CF-OnBase-Adaptor\CF-OnBase-Adaptor.csproj", "{6CAF54F5-2087-4886-85C1-A8AE0AC8E48D}"
EndProject
Global
	GlobalSection(SolutionConfigurationPlatforms) = preSolution
		Debug|Any CPU = Debug|Any CPU
		Release|Any CPU = Release|Any CPU
	EndGlobalSection
	GlobalSection(ProjectConfigurationPlatforms) = postSolution
		{6CAF54F5-2087-4886-85C1-A8AE0AC8E48D}.Debug|Any CPU.ActiveCfg = Debug|Any CPU
		{6CAF54F5-2087-4886-85C1-A8AE0AC8E48D}.Debug|Any CPU.Build.0 = Debug|Any CPU
		{6CAF54F5-2087-4886-85C1-A8AE0AC8E48D}.Release|Any CPU.ActiveCfg = Release|Any CPU
		{6CAF54F5-2087-4886-85C1-A8AE0AC8E48D}.Release|Any CPU.Build.0 = Release|Any CPU
	EndGlobalSection
	GlobalSection(SolutionProperties) = preSolution
		HideSolutionNode = FALSE
	EndGlobalSection
	GlobalSection(ExtensibilityGlobals) = postSolution
		SolutionGuid = {3ECAB8E7-328A-49A1-8AD4-50DA6B7394B2}
	EndGlobalSection
EndGlobal
